
Microsoft Visual Studio Solution File, Format Version 12.00
# Visual Studio Version 17
VisualStudioVersion = 17.8.34511.84
MinimumVisualStudioVersion = 10.0.40219.1
Project("{FAE04EC0-301F-11D3-BF4B-00C04F79EFBC}") = "site_testing", "site_testing\site_testing.csproj", "{148ED5C6-E955-4690-B522-178FD87E665E}"
EndProject
Global
	GlobalSection(SolutionConfigurationPlatforms) = preSolution
		Debug|Any CPU = Debug|Any CPU
		Release|Any CPU = Release|Any CPU
	EndGlobalSection
	GlobalSection(ProjectConfigurationPlatforms) = postSolution
		{148ED5C6-E955-4690-B522-178FD87E665E}.Debug|Any CPU.ActiveCfg = Debug|Any CPU
		{148ED5C6-E955-4690-B522-178FD87E665E}.Debug|Any CPU.Build.0 = Debug|Any CPU
		{148ED5C6-E955-4690-B522-178FD87E665E}.Release|Any CPU.ActiveCfg = Release|Any CPU
		{148ED5C6-E955-4690-B522-178FD87E665E}.Release|Any CPU.Build.0 = Release|Any CPU
	EndGlobalSection
	GlobalSection(SolutionProperties) = preSolution
		HideSolutionNode = FALSE
	EndGlobalSection
	GlobalSection(ExtensibilityGlobals) = postSolution
		SolutionGuid = {FE5C66DB-1219-4026-9658-452E69904764}
	EndGlobalSection
EndGlobal
